{
  "name": "cartha-hermes-agent-assistant",
  "version": "0.2.0",
  "lockfileVersion": 3,
  "requires": true,
  "packages": {
    "": {
      "name": "cartha-hermes-agent-assistant",
      "version": "0.2.0",
      "license": "MIT",
      "bin": {
        "cartha-hermes-agent-assistant": "scripts/install.mjs"
      },
      "engines": {
        "node": ">=20"
      }
    }
  }
}
