{
  "name": "hermes-local-agent-kit",
  "version": "0.1.0",
  "lockfileVersion": 3,
  "requires": true,
  "packages": {
    "": {
      "name": "hermes-local-agent-kit",
      "version": "0.1.0",
      "license": "MIT",
      "bin": {
        "hermes-local-agent-kit": "scripts/install.mjs"
      },
      "engines": {
        "node": ">=20"
      }
    }
  }
}
