// !$*UTF8*$!
{
  archiveVersion = 1;
  classes = {};
  objectVersion = 77;
  objects = {
    AB392E0DAE614CB0A949AF10 /* HermesClientApp.swift in Sources */ = {isa = PBXBuildFile; fileRef = 485005BED204458B8D5D3ED1 /* HermesClientApp.swift */; };
    485005BED204458B8D5D3ED1 /* HermesClientApp.swift */ = {isa = PBXFileReference; lastKnownFileType = sourcecode.swift; path = HermesClient/HermesClientApp.swift; sourceTree = "<group>"; };
    C8BE796C9CD5424E906C2C48 /* ContentView.swift in Sources */ = {isa = PBXBuildFile; fileRef = 52DF372A15244690905D1F4A /* ContentView.swift */; };
    52DF372A15244690905D1F4A /* ContentView.swift */ = {isa = PBXFileReference; lastKnownFileType = sourcecode.swift; path = HermesClient/ContentView.swift; sourceTree = "<group>"; };
    5E330A31276C432298D98D31 /* HermesBridgeClient.swift in Sources */ = {isa = PBXBuildFile; fileRef = 268790CACC4E428EB60F81FC /* HermesBridgeClient.swift */; };
    268790CACC4E428EB60F81FC /* HermesBridgeClient.swift */ = {isa = PBXFileReference; lastKnownFileType = sourcecode.swift; path = HermesClient/HermesBridgeClient.swift; sourceTree = "<group>"; };
    CC2E4B21A64A42A1A40B0CA0 /* AppShortcuts.swift in Sources */ = {isa = PBXBuildFile; fileRef = 7E61BC130DF944918D2FCDC0 /* AppShortcuts.swift */; };
    7F0A1B2C3D4E5F60718293A4 /* VoiceDispatchController.swift in Sources */ = {isa = PBXBuildFile; fileRef = 8A1B2C3D4E5F60718293A4B5 /* VoiceDispatchController.swift */; };
    9B2C3D4E5F60718293A4B5C6 /* Assets.xcassets in Resources */ = {isa = PBXBuildFile; fileRef = AC3D4E5F60718293A4B5C6D7 /* Assets.xcassets */; };
    7E61BC130DF944918D2FCDC0 /* AppShortcuts.swift */ = {isa = PBXFileReference; lastKnownFileType = sourcecode.swift; path = HermesClient/AppShortcuts.swift; sourceTree = "<group>"; };
    8A1B2C3D4E5F60718293A4B5 /* VoiceDispatchController.swift */ = {isa = PBXFileReference; lastKnownFileType = sourcecode.swift; path = HermesClient/VoiceDispatchController.swift; sourceTree = "<group>"; };
    AC3D4E5F60718293A4B5C6D7 /* Assets.xcassets */ = {isa = PBXFileReference; lastKnownFileType = folder.assetcatalog; path = HermesClient/Assets.xcassets; sourceTree = "<group>"; };
    15389B58A82745C9B9A301FC /* Products */ = {isa = PBXGroup; children = (02F0560F952B46259F74E2E7 /* HermesClient.app */,); name = Products; sourceTree = "<group>"; };
    02F0560F952B46259F74E2E7 /* HermesClient.app */ = {isa = PBXFileReference; explicitFileType = wrapper.application; includeInIndex = 0; path = HermesClient.app; sourceTree = BUILT_PRODUCTS_DIR; };
    465D069080F645E7AE7FFEFA = {isa = PBXGroup; children = (485005BED204458B8D5D3ED1, 52DF372A15244690905D1F4A, 268790CACC4E428EB60F81FC, 7E61BC130DF944918D2FCDC0, 8A1B2C3D4E5F60718293A4B5, AC3D4E5F60718293A4B5C6D7, 15389B58A82745C9B9A301FC /* Products */); sourceTree = "<group>"; };
    4A0ACB5D4A1040BFB87DAE86 /* Sources */ = {isa = PBXSourcesBuildPhase; buildActionMask = 2147483647; files = (AB392E0DAE614CB0A949AF10 /* HermesClientApp.swift in Sources */, C8BE796C9CD5424E906C2C48 /* ContentView.swift in Sources */, 5E330A31276C432298D98D31 /* HermesBridgeClient.swift in Sources */, CC2E4B21A64A42A1A40B0CA0 /* AppShortcuts.swift in Sources */, 7F0A1B2C3D4E5F60718293A4 /* VoiceDispatchController.swift in Sources */); runOnlyForDeploymentPostprocessing = 0; };
    D597788494084E808B812CF1 /* Frameworks */ = {isa = PBXFrameworksBuildPhase; buildActionMask = 2147483647; files = (); runOnlyForDeploymentPostprocessing = 0; };
    138AB1B8FBB846E8B1C1E99B /* Resources */ = {isa = PBXResourcesBuildPhase; buildActionMask = 2147483647; files = (9B2C3D4E5F60718293A4B5C6 /* Assets.xcassets in Resources */,); runOnlyForDeploymentPostprocessing = 0; };
    A1B416BA08E543E0A14D57F6 /* HermesClient */ = {isa = PBXNativeTarget; buildConfigurationList = 30A5AD9DFC9C41F4893100C1 /* Build configuration list for PBXNativeTarget "HermesClient" */; buildPhases = (4A0ACB5D4A1040BFB87DAE86 /* Sources */, D597788494084E808B812CF1 /* Frameworks */, 138AB1B8FBB846E8B1C1E99B /* Resources */); buildRules = (); dependencies = (); name = HermesClient; productName = HermesClient; productReference = 02F0560F952B46259F74E2E7 /* HermesClient.app */; productType = "com.apple.product-type.application"; };
    041BA84352244D79BF1B2779 /* Project object */ = {isa = PBXProject; attributes = {BuildIndependentTargetsInParallel = 1; LastSwiftUpdateCheck = 2650; LastUpgradeCheck = 2650; TargetAttributes = {A1B416BA08E543E0A14D57F6 = {CreatedOnToolsVersion = 26.5; }; }; }; buildConfigurationList = CE1B972E0B5D40AD9959A18D /* Build configuration list for PBXProject "HermesClient" */; developmentRegion = en; hasScannedForEncodings = 0; knownRegions = (en, Base); mainGroup = 465D069080F645E7AE7FFEFA; minimizedProjectReferenceProxies = 1; preferredProjectObjectVersion = 77; productRefGroup = 15389B58A82745C9B9A301FC /* Products */; projectDirPath = ""; projectRoot = ""; targets = (A1B416BA08E543E0A14D57F6 /* HermesClient */); };
    978FC88C9FAF4D78A86F5393 /* Debug */ = {isa = XCBuildConfiguration; buildSettings = {         ALWAYS_SEARCH_USER_PATHS = NO;
        ASSETCATALOG_COMPILER_GENERATE_SWIFT_ASSET_SYMBOL_EXTENSIONS = YES;
        CLANG_ANALYZER_NONNULL = YES;
        CLANG_ANALYZER_NUMBER_OBJECT_CONVERSION = YES_AGGRESSIVE;
        CLANG_CXX_LANGUAGE_STANDARD = "gnu++20";
        CLANG_ENABLE_MODULES = YES;
        CLANG_ENABLE_OBJC_ARC = YES;
        CLANG_ENABLE_OBJC_WEAK = YES;
        CLANG_WARN_BLOCK_CAPTURE_AUTORELEASING = YES;
        CLANG_WARN_BOOL_CONVERSION = YES;
        CLANG_WARN_COMMA = YES;
        CLANG_WARN_CONSTANT_CONVERSION = YES;
        CLANG_WARN_DEPRECATED_OBJC_IMPLEMENTATIONS = YES;
        CLANG_WARN_DIRECT_OBJC_ISA_USAGE = YES_ERROR;
        CLANG_WARN_DOCUMENTATION_COMMENTS = YES;
        CLANG_WARN_EMPTY_BODY = YES;
        CLANG_WARN_ENUM_CONVERSION = YES;
        CLANG_WARN_INFINITE_RECURSION = YES;
        CLANG_WARN_INT_CONVERSION = YES;
        CLANG_WARN_NON_LITERAL_NULL_CONVERSION = YES;
        CLANG_WARN_OBJC_IMPLICIT_RETAIN_SELF = YES;
        CLANG_WARN_OBJC_LITERAL_CONVERSION = YES;
        CLANG_WARN_OBJC_ROOT_CLASS = YES_ERROR;
        CLANG_WARN_QUOTED_INCLUDE_IN_FRAMEWORK_HEADER = YES;
        CLANG_WARN_RANGE_LOOP_ANALYSIS = YES;
        CLANG_WARN_STRICT_PROTOTYPES = YES;
        CLANG_WARN_SUSPICIOUS_MOVE = YES;
        CLANG_WARN_UNGUARDED_AVAILABILITY = YES_AGGRESSIVE;
        CLANG_WARN_UNREACHABLE_CODE = YES;
        CLANG_WARN__DUPLICATE_METHOD_MATCH = YES;
        COPY_PHASE_STRIP = NO;
        ENABLE_STRICT_OBJC_MSGSEND = YES;
        ENABLE_USER_SCRIPT_SANDBOXING = YES;
        GCC_C_LANGUAGE_STANDARD = gnu17;
        GCC_NO_COMMON_BLOCKS = YES;
        GCC_WARN_64_TO_32_BIT_CONVERSION = YES;
        GCC_WARN_ABOUT_RETURN_TYPE = YES_ERROR;
        GCC_WARN_UNDECLARED_SELECTOR = YES;
        GCC_WARN_UNINITIALIZED_AUTOS = YES_AGGRESSIVE;
        GCC_WARN_UNUSED_FUNCTION = YES;
        GCC_WARN_UNUSED_VARIABLE = YES;
        IPHONEOS_DEPLOYMENT_TARGET = 18.0;
        LOCALIZATION_PREFERS_STRING_CATALOGS = YES;
        MTLLINKER_FLAGS = "";
        SDKROOT = iphoneos;
        SWIFT_EMIT_LOC_STRINGS = YES;
        SWIFT_VERSION = 6.0;
        TARGETED_DEVICE_FAMILY = "1,2";
        DEBUG_INFORMATION_FORMAT = dwarf; ENABLE_TESTABILITY = YES; GCC_DYNAMIC_NO_PIC = NO; GCC_OPTIMIZATION_LEVEL = 0; GCC_PREPROCESSOR_DEFINITIONS = ("DEBUG=1", "$(inherited)"); MTL_ENABLE_DEBUG_INFO = INCLUDE_SOURCE; ONLY_ACTIVE_ARCH = YES; SWIFT_ACTIVE_COMPILATION_CONDITIONS = DEBUG; SWIFT_OPTIMIZATION_LEVEL = "-Onone"; }; name = Debug; };
    49A017CD5C9A4018B589C797 /* Release */ = {isa = XCBuildConfiguration; buildSettings = {         ALWAYS_SEARCH_USER_PATHS = NO;
        ASSETCATALOG_COMPILER_GENERATE_SWIFT_ASSET_SYMBOL_EXTENSIONS = YES;
        CLANG_ANALYZER_NONNULL = YES;
        CLANG_ANALYZER_NUMBER_OBJECT_CONVERSION = YES_AGGRESSIVE;
        CLANG_CXX_LANGUAGE_STANDARD = "gnu++20";
        CLANG_ENABLE_MODULES = YES;
        CLANG_ENABLE_OBJC_ARC = YES;
        CLANG_ENABLE_OBJC_WEAK = YES;
        CLANG_WARN_BLOCK_CAPTURE_AUTORELEASING = YES;
        CLANG_WARN_BOOL_CONVERSION = YES;
        CLANG_WARN_COMMA = YES;
        CLANG_WARN_CONSTANT_CONVERSION = YES;
        CLANG_WARN_DEPRECATED_OBJC_IMPLEMENTATIONS = YES;
        CLANG_WARN_DIRECT_OBJC_ISA_USAGE = YES_ERROR;
        CLANG_WARN_DOCUMENTATION_COMMENTS = YES;
        CLANG_WARN_EMPTY_BODY = YES;
        CLANG_WARN_ENUM_CONVERSION = YES;
        CLANG_WARN_INFINITE_RECURSION = YES;
        CLANG_WARN_INT_CONVERSION = YES;
        CLANG_WARN_NON_LITERAL_NULL_CONVERSION = YES;
        CLANG_WARN_OBJC_IMPLICIT_RETAIN_SELF = YES;
        CLANG_WARN_OBJC_LITERAL_CONVERSION = YES;
        CLANG_WARN_OBJC_ROOT_CLASS = YES_ERROR;
        CLANG_WARN_QUOTED_INCLUDE_IN_FRAMEWORK_HEADER = YES;
        CLANG_WARN_RANGE_LOOP_ANALYSIS = YES;
        CLANG_WARN_STRICT_PROTOTYPES = YES;
        CLANG_WARN_SUSPICIOUS_MOVE = YES;
        CLANG_WARN_UNGUARDED_AVAILABILITY = YES_AGGRESSIVE;
        CLANG_WARN_UNREACHABLE_CODE = YES;
        CLANG_WARN__DUPLICATE_METHOD_MATCH = YES;
        COPY_PHASE_STRIP = NO;
        ENABLE_STRICT_OBJC_MSGSEND = YES;
        ENABLE_USER_SCRIPT_SANDBOXING = YES;
        GCC_C_LANGUAGE_STANDARD = gnu17;
        GCC_NO_COMMON_BLOCKS = YES;
        GCC_WARN_64_TO_32_BIT_CONVERSION = YES;
        GCC_WARN_ABOUT_RETURN_TYPE = YES_ERROR;
        GCC_WARN_UNDECLARED_SELECTOR = YES;
        GCC_WARN_UNINITIALIZED_AUTOS = YES_AGGRESSIVE;
        GCC_WARN_UNUSED_FUNCTION = YES;
        GCC_WARN_UNUSED_VARIABLE = YES;
        IPHONEOS_DEPLOYMENT_TARGET = 18.0;
        LOCALIZATION_PREFERS_STRING_CATALOGS = YES;
        MTLLINKER_FLAGS = "";
        SDKROOT = iphoneos;
        SWIFT_EMIT_LOC_STRINGS = YES;
        SWIFT_VERSION = 6.0;
        TARGETED_DEVICE_FAMILY = "1,2";
        COPY_PHASE_STRIP = NO; DEBUG_INFORMATION_FORMAT = "dwarf-with-dsym"; ENABLE_NS_ASSERTIONS = NO; MTL_ENABLE_DEBUG_INFO = NO; SWIFT_COMPILATION_MODE = wholemodule; VALIDATE_PRODUCT = YES; }; name = Release; };
    536A1522A5074B30ACC416D5 /* Debug */ = {isa = XCBuildConfiguration; buildSettings = {         ASSETCATALOG_COMPILER_GLOBAL_ACCENT_COLOR_NAME = AccentColor;
        ASSETCATALOG_COMPILER_APPICON_NAME = "AppIcon";
        INFOPLIST_KEY_UILaunchScreen_Generation = YES;
        INFOPLIST_KEY_UIRequiresFullScreen = YES;
        INFOPLIST_KEY_NSSpeechRecognitionUsageDescription = "Hermes Client uses speech recognition for one-tap voice dispatch to your Mac agent.";
        CODE_SIGN_STYLE = Automatic;
        CURRENT_PROJECT_VERSION = 1;
        DEVELOPMENT_ASSET_PATHS = "";
        ENABLE_PREVIEWS = YES;
        GENERATE_INFOPLIST_FILE = YES;
        INFOPLIST_KEY_CFBundleDisplayName = "Hermes Client";
        INFOPLIST_KEY_LSApplicationCategoryType = "public.app-category.productivity";
        INFOPLIST_KEY_NSCameraUsageDescription = "Hermes Client can later use camera context for operator commands.";
        INFOPLIST_KEY_NSLocalNetworkUsageDescription = "Hermes Client connects to the Hermes Mobile Bridge on your Mac.";
        INFOPLIST_KEY_NSMicrophoneUsageDescription = "Hermes Client will record local dictation for on-device Qwen transcription.";
        MARKETING_VERSION = 0.1;
        PRODUCT_BUNDLE_IDENTIFIER = com.cartha.hermesclient;
        PRODUCT_NAME = "$(TARGET_NAME)";
        SUPPORTED_PLATFORMS = "iphoneos iphonesimulator";
        SUPPORTS_MACCATALYST = NO;
        SUPPORTS_MAC_DESIGNED_FOR_IPHONE_IPAD = NO;
        SWIFT_VERSION = 6.0;
        TARGETED_DEVICE_FAMILY = 1; }; name = Debug; };
    39BC2AE7C3CC4030A25A795F /* Release */ = {isa = XCBuildConfiguration; buildSettings = {         ASSETCATALOG_COMPILER_GLOBAL_ACCENT_COLOR_NAME = AccentColor;
        ASSETCATALOG_COMPILER_APPICON_NAME = "AppIcon";
                INFOPLIST_KEY_UILaunchScreen_Generation = YES;
        INFOPLIST_KEY_UIRequiresFullScreen = YES;
        INFOPLIST_KEY_NSSpeechRecognitionUsageDescription = "Hermes Client uses speech recognition for one-tap voice dispatch to your Mac agent.";
        CODE_SIGN_STYLE = Automatic;
        CURRENT_PROJECT_VERSION = 1;
        DEVELOPMENT_ASSET_PATHS = "";
        ENABLE_PREVIEWS = YES;
        GENERATE_INFOPLIST_FILE = YES;
        INFOPLIST_KEY_CFBundleDisplayName = "Hermes Client";
        INFOPLIST_KEY_LSApplicationCategoryType = "public.app-category.productivity";
        INFOPLIST_KEY_NSCameraUsageDescription = "Hermes Client can later use camera context for operator commands.";
        INFOPLIST_KEY_NSLocalNetworkUsageDescription = "Hermes Client connects to the Hermes Mobile Bridge on your Mac.";
        INFOPLIST_KEY_NSMicrophoneUsageDescription = "Hermes Client will record local dictation for on-device Qwen transcription.";
        MARKETING_VERSION = 0.1;
        PRODUCT_BUNDLE_IDENTIFIER = com.cartha.hermesclient;
        PRODUCT_NAME = "$(TARGET_NAME)";
        SUPPORTED_PLATFORMS = "iphoneos iphonesimulator";
        SUPPORTS_MACCATALYST = NO;
        SUPPORTS_MAC_DESIGNED_FOR_IPHONE_IPAD = NO;
        SWIFT_VERSION = 6.0;
        TARGETED_DEVICE_FAMILY = 1; }; name = Release; };
    CE1B972E0B5D40AD9959A18D /* Build configuration list for PBXProject "HermesClient" */ = {isa = XCConfigurationList; buildConfigurations = (978FC88C9FAF4D78A86F5393 /* Debug */, 49A017CD5C9A4018B589C797 /* Release */); defaultConfigurationIsVisible = 0; defaultConfigurationName = Release; };
    30A5AD9DFC9C41F4893100C1 /* Build configuration list for PBXNativeTarget "HermesClient" */ = {isa = XCConfigurationList; buildConfigurations = (536A1522A5074B30ACC416D5 /* Debug */, 39BC2AE7C3CC4030A25A795F /* Release */); defaultConfigurationIsVisible = 0; defaultConfigurationName = Release; };
  };
  rootObject = 041BA84352244D79BF1B2779 /* Project object */;
}
